
Microsoft Visual Studio Solution File, Format Version 12.00
# Visual Studio Version 17
VisualStudioVersion = 17.9.34622.214
MinimumVisualStudioVersion = 10.0.40219.1
Project("{FAE04EC0-301F-11D3-BF4B-00C04F79EFBC}") = "Elegant Sofas", "Elegant Sofas\Elegant Sofas.csproj", "{2110BF9F-73B2-43BD-AE0E-959472174813}"
EndProject
Global
	GlobalSection(SolutionConfigurationPlatforms) = preSolution
		Debug|Any CPU = Debug|Any CPU
		Release|Any CPU = Release|Any CPU
	EndGlobalSection
	GlobalSection(ProjectConfigurationPlatforms) = postSolution
		{2110BF9F-73B2-43BD-AE0E-959472174813}.Debug|Any CPU.ActiveCfg = Debug|Any CPU
		{2110BF9F-73B2-43BD-AE0E-959472174813}.Debug|Any CPU.Build.0 = Debug|Any CPU
		{2110BF9F-73B2-43BD-AE0E-959472174813}.Release|Any CPU.ActiveCfg = Release|Any CPU
		{2110BF9F-73B2-43BD-AE0E-959472174813}.Release|Any CPU.Build.0 = Release|Any CPU
	EndGlobalSection
	GlobalSection(SolutionProperties) = preSolution
		HideSolutionNode = FALSE
	EndGlobalSection
	GlobalSection(ExtensibilityGlobals) = postSolution
		SolutionGuid = {DD148CAD-8A1E-4876-88FA-239E2A79567E}
	EndGlobalSection
EndGlobal
